<?xml version="1.0" encoding="utf-8"?>
<Project ToolsVersion="4.0" xmlns="http://schemas.microsoft.com/developer/msbuild/2003">
  <ItemGroup>
    <Filter Include="Source">
      <UniqueIdentifier>{4FC737F1-C7A5-4376-A066-2A32D752A2FF}</UniqueIdentifier>
      <Extensions>cpp;c;cc;cxx;def;odl;idl;hpj;bat;asm;asmx</Extensions>
    </Filter>
    <Filter Include="Import">
      <UniqueIdentifier>{aa267fb0-470e-40ce-ac96-70b28eeee3ee}</UniqueIdentifier>
    </Filter>
    <Filter Include="Import\DtOpt">
      <UniqueIdentifier>{93995380-89BD-4b04-88EB-625FBE52EBFB}</UniqueIdentifier>
      <Extensions>h;hpp;hxx;hm;inl;inc;xsd</Extensions>
    </Filter>
    <Filter Include="Import\DTAPI">
      <UniqueIdentifier>{6414a65c-8c0f-4505-a906-d5cd9d5d6155}</UniqueIdentifier>
    </Filter>
  </ItemGroup>
  <ItemGroup>
    <ClCompile Include="source\DtPlay.cpp">
      <Filter>Source</Filter>
    </ClCompile>
    <ClCompile Include="source\DtOpt.cpp">
      <Filter>Import\DtOpt</Filter>
    </ClCompile>
  </ItemGroup>
  <ItemGroup>
    <ClInclude Include="source\DtOpt.h">
      <Filter>Import\DtOpt</Filter>
    </ClInclude>
    <ClInclude Include="source\DtPlay.h">
      <Filter>Source</Filter>
    </ClInclude>
    <ClInclude Include="$(DtapiIncludePath)\DTAPI.h">
      <Filter>Import\DTAPI</Filter>
    </ClInclude>
    <ClInclude Include="source\DtSdiFileFmt.h">
      <Filter>Import</Filter>
    </ClInclude>
  </ItemGroup>
</Project>